
Microsoft Visual Studio Solution File, Format Version 12.00
# Visual Studio Version 17
VisualStudioVersion = 17.5.33516.290
MinimumVisualStudioVersion = 10.0.40219.1
Project("{FAE04EC0-301F-11D3-BF4B-00C04F79EFBC}") = "DllLibrary", "DllLibrary\DllLibrary.csproj", "{362CE447-32CB-433C-9EB8-B6DE12827203}"
EndProject
Project("{FAE04EC0-301F-11D3-BF4B-00C04F79EFBC}") = "Main_Stahanova", "Main_Stahanova\Main_Stahanova.csproj", "{E218D1BC-9E6C-41D2-AA93-AF6709354A57}"
EndProject
Global
	GlobalSection(SolutionConfigurationPlatforms) = preSolution
		Debug|Any CPU = Debug|Any CPU
		Release|Any CPU = Release|Any CPU
	EndGlobalSection
	GlobalSection(ProjectConfigurationPlatforms) = postSolution
		{362CE447-32CB-433C-9EB8-B6DE12827203}.Debug|Any CPU.ActiveCfg = Debug|Any CPU
		{362CE447-32CB-433C-9EB8-B6DE12827203}.Debug|Any CPU.Build.0 = Debug|Any CPU
		{362CE447-32CB-433C-9EB8-B6DE12827203}.Release|Any CPU.ActiveCfg = Release|Any CPU
		{362CE447-32CB-433C-9EB8-B6DE12827203}.Release|Any CPU.Build.0 = Release|Any CPU
		{E218D1BC-9E6C-41D2-AA93-AF6709354A57}.Debug|Any CPU.ActiveCfg = Debug|Any CPU
		{E218D1BC-9E6C-41D2-AA93-AF6709354A57}.Debug|Any CPU.Build.0 = Debug|Any CPU
		{E218D1BC-9E6C-41D2-AA93-AF6709354A57}.Release|Any CPU.ActiveCfg = Release|Any CPU
		{E218D1BC-9E6C-41D2-AA93-AF6709354A57}.Release|Any CPU.Build.0 = Release|Any CPU
	EndGlobalSection
	GlobalSection(SolutionProperties) = preSolution
		HideSolutionNode = FALSE
	EndGlobalSection
	GlobalSection(ExtensibilityGlobals) = postSolution
		SolutionGuid = {6E37F6F3-7416-44EA-93C7-84B4EA45F681}
	EndGlobalSection
EndGlobal
